
Microsoft Visual Studio Solution File, Format Version 12.00
# Visual Studio Version 17
VisualStudioVersion = 17.2.32526.322
MinimumVisualStudioVersion = 10.0.40219.1
Project("{888888A0-9F3D-457C-B088-3A5042F75D52}") = "Training-flask", "Training-flask\Training-flask.pyproj", "{16916407-E92D-4AF0-B10D-49F5FE4AF261}"
EndProject
Global
	GlobalSection(SolutionConfigurationPlatforms) = preSolution
		Debug|Any CPU = Debug|Any CPU
		Release|Any CPU = Release|Any CPU
	EndGlobalSection
	GlobalSection(ProjectConfigurationPlatforms) = postSolution
		{16916407-E92D-4AF0-B10D-49F5FE4AF261}.Debug|Any CPU.ActiveCfg = Debug|Any CPU
		{16916407-E92D-4AF0-B10D-49F5FE4AF261}.Debug|Any CPU.Build.0 = Debug|Any CPU
		{16916407-E92D-4AF0-B10D-49F5FE4AF261}.Release|Any CPU.ActiveCfg = Release|Any CPU
		{16916407-E92D-4AF0-B10D-49F5FE4AF261}.Release|Any CPU.Build.0 = Release|Any CPU
	EndGlobalSection
	GlobalSection(SolutionProperties) = preSolution
		HideSolutionNode = FALSE
	EndGlobalSection
	GlobalSection(ExtensibilityGlobals) = postSolution
		SolutionGuid = {06EC6901-E89B-4468-A836-5232D06660BC}
	EndGlobalSection
EndGlobal
